
Microsoft Visual Studio Solution File, Format Version 12.00
# Visual Studio Version 17
VisualStudioVersion = 17.5.002.0
MinimumVisualStudioVersion = 10.0.40219.1
Project("{2150E333-8FDC-42A3-9474-1A3956D46DE8}") = "Games", "Games", "{BE8B54D2-5FF1-4F62-9B7D-F7240F08F27C}"
EndProject
Project("{9A19103F-16F7-4668-BE54-9A1E7A4F7556}") = "Games", "Games\C#\Games.csproj", "{0EB5EDA2-7D52-4835-AE35-76A8CA30D7E4}"
EndProject
Global
	GlobalSection(SolutionConfigurationPlatforms) = preSolution
		Debug|Any CPU = Debug|Any CPU
		Release|Any CPU = Release|Any CPU
	EndGlobalSection
	GlobalSection(ProjectConfigurationPlatforms) = postSolution
		{0EB5EDA2-7D52-4835-AE35-76A8CA30D7E4}.Debug|Any CPU.ActiveCfg = Debug|Any CPU
		{0EB5EDA2-7D52-4835-AE35-76A8CA30D7E4}.Debug|Any CPU.Build.0 = Debug|Any CPU
		{0EB5EDA2-7D52-4835-AE35-76A8CA30D7E4}.Release|Any CPU.ActiveCfg = Release|Any CPU
		{0EB5EDA2-7D52-4835-AE35-76A8CA30D7E4}.Release|Any CPU.Build.0 = Release|Any CPU
	EndGlobalSection
	GlobalSection(SolutionProperties) = preSolution
		HideSolutionNode = FALSE
	EndGlobalSection
	GlobalSection(NestedProjects) = preSolution
		{0EB5EDA2-7D52-4835-AE35-76A8CA30D7E4} = {BE8B54D2-5FF1-4F62-9B7D-F7240F08F27C}
	EndGlobalSection
	GlobalSection(ExtensibilityGlobals) = postSolution
		SolutionGuid = {BC65FC2A-AC1B-4B1C-A844-F9761A8A8F7C}
	EndGlobalSection
EndGlobal
