
Microsoft Visual Studio Solution File, Format Version 12.00
# Visual Studio Version 17
VisualStudioVersion = 17.5.002.0
MinimumVisualStudioVersion = 10.0.40219.1
Project("{2150E333-8FDC-42A3-9474-1A3956D46DE8}") = "Games", "Games", "{87C61217-25C7-4D7C-A931-394DF74845FA}"
EndProject
Project("{9A19103F-16F7-4668-BE54-9A1E7A4F7556}") = "Games", "Games\C#\Games.csproj", "{337059BE-4969-42B6-8405-945A90747AFA}"
EndProject
Global
	GlobalSection(SolutionConfigurationPlatforms) = preSolution
		Debug|Any CPU = Debug|Any CPU
		Release|Any CPU = Release|Any CPU
	EndGlobalSection
	GlobalSection(ProjectConfigurationPlatforms) = postSolution
		{337059BE-4969-42B6-8405-945A90747AFA}.Debug|Any CPU.ActiveCfg = Debug|Any CPU
		{337059BE-4969-42B6-8405-945A90747AFA}.Debug|Any CPU.Build.0 = Debug|Any CPU
		{337059BE-4969-42B6-8405-945A90747AFA}.Release|Any CPU.ActiveCfg = Release|Any CPU
		{337059BE-4969-42B6-8405-945A90747AFA}.Release|Any CPU.Build.0 = Release|Any CPU
	EndGlobalSection
	GlobalSection(SolutionProperties) = preSolution
		HideSolutionNode = FALSE
	EndGlobalSection
	GlobalSection(NestedProjects) = preSolution
		{337059BE-4969-42B6-8405-945A90747AFA} = {87C61217-25C7-4D7C-A931-394DF74845FA}
	EndGlobalSection
	GlobalSection(ExtensibilityGlobals) = postSolution
		SolutionGuid = {0EA280A0-1F47-43A1-837D-87D8BE41F62F}
	EndGlobalSection
EndGlobal
